
Microsoft Visual Studio Solution File, Format Version 12.00
Project("{2150E333-8FDC-42A3-9474-1A3956D46DE8}") = "src", "src", "{F6D97DDF-7104-4794-AC43-49E630E6F762}"
EndProject
Project("{FAE04EC0-301F-11D3-BF4B-00C04F79EFBC}") = "AntiLdapInjection", "src\AntiLdapInjection\AntiLdapInjection.csproj", "{40C15BAA-CB51-439A-898C-D1AACD4DC740}"
EndProject
Project("{FAE04EC0-301F-11D3-BF4B-00C04F79EFBC}") = "AntiLdapInjection.Tests", "test\AntiLdapInjection.Tests\AntiLdapInjection.Tests.csproj", "{30114A8D-205B-463C-99FC-70FCA2A485FF}"
EndProject
Project("{2150E333-8FDC-42A3-9474-1A3956D46DE8}") = "test", "test", "{5C009682-9244-46FB-A4C6-E17CD9C0F521}"
EndProject
Project("{2150E333-8FDC-42A3-9474-1A3956D46DE8}") = "config", "config", "{02C514E7-5C53-4DEC-BB20-46DF24866338}"
	ProjectSection(SolutionItems) = preProject
		.editorconfig = .editorconfig
		.gitattributes = .gitattributes
		.gitignore = .gitignore
		global.json = global.json
		nuget.config = nuget.config
		lgtm.yml = lgtm.yml
	EndProjectSection
EndProject
Project("{2150E333-8FDC-42A3-9474-1A3956D46DE8}") = "docs", "docs", "{6064EB79-B7F8-4846-BB32-F5E8660CE6BF}"
	ProjectSection(SolutionItems) = preProject
		docs\about-ldap-injection.md = docs\about-ldap-injection.md
		README.md = README.md
	EndProjectSection
EndProject
Project("{2150E333-8FDC-42A3-9474-1A3956D46DE8}") = ".github", ".github", "{FCF52F1C-39FD-4742-A762-5F8B7C9FE821}"
	ProjectSection(SolutionItems) = preProject
		.github\dependabot.yml = .github\dependabot.yml
	EndProjectSection
EndProject
Project("{2150E333-8FDC-42A3-9474-1A3956D46DE8}") = "workflows", "workflows", "{C4E3CA17-AC4C-4F2A-8780-3D3069197298}"
	ProjectSection(SolutionItems) = preProject
		.github\workflows\cd.yml = .github\workflows\cd.yml
		.github\workflows\ci.yml = .github\workflows\ci.yml
		.github\workflows\code-analysis.yml = .github\workflows\code-analysis.yml
	EndProjectSection
EndProject
Project("{2150E333-8FDC-42A3-9474-1A3956D46DE8}") = "scripts", "scripts", "{4D111D3F-628D-4C7F-A7D4-D67A8AC3F20B}"
	ProjectSection(SolutionItems) = preProject
		scripts\release.sh = scripts\release.sh
	EndProjectSection
EndProject
Project("{2150E333-8FDC-42A3-9474-1A3956D46DE8}") = "inc", "inc", "{B2834315-C4D6-433F-A90D-B1D7229979D2}"
	ProjectSection(SolutionItems) = preProject
		scripts\inc\_util.sh = scripts\inc\_util.sh
	EndProjectSection
EndProject
Global
	GlobalSection(SolutionConfigurationPlatforms) = preSolution
		Debug|Any CPU = Debug|Any CPU
		Release|Any CPU = Release|Any CPU
	EndGlobalSection
	GlobalSection(ProjectConfigurationPlatforms) = postSolution
		{40C15BAA-CB51-439A-898C-D1AACD4DC740}.Debug|Any CPU.ActiveCfg = Debug|Any CPU
		{40C15BAA-CB51-439A-898C-D1AACD4DC740}.Debug|Any CPU.Build.0 = Debug|Any CPU
		{40C15BAA-CB51-439A-898C-D1AACD4DC740}.Release|Any CPU.ActiveCfg = Release|Any CPU
		{40C15BAA-CB51-439A-898C-D1AACD4DC740}.Release|Any CPU.Build.0 = Release|Any CPU
		{30114A8D-205B-463C-99FC-70FCA2A485FF}.Debug|Any CPU.ActiveCfg = Debug|Any CPU
		{30114A8D-205B-463C-99FC-70FCA2A485FF}.Debug|Any CPU.Build.0 = Debug|Any CPU
		{30114A8D-205B-463C-99FC-70FCA2A485FF}.Release|Any CPU.ActiveCfg = Release|Any CPU
		{30114A8D-205B-463C-99FC-70FCA2A485FF}.Release|Any CPU.Build.0 = Release|Any CPU
	EndGlobalSection
	GlobalSection(NestedProjects) = preSolution
		{40C15BAA-CB51-439A-898C-D1AACD4DC740} = {F6D97DDF-7104-4794-AC43-49E630E6F762}
		{30114A8D-205B-463C-99FC-70FCA2A485FF} = {5C009682-9244-46FB-A4C6-E17CD9C0F521}
		{C4E3CA17-AC4C-4F2A-8780-3D3069197298} = {FCF52F1C-39FD-4742-A762-5F8B7C9FE821}
		{B2834315-C4D6-433F-A90D-B1D7229979D2} = {4D111D3F-628D-4C7F-A7D4-D67A8AC3F20B}
	EndGlobalSection
EndGlobal
